lockfileVersion: "9.0"

settings:
  autoInstallPeers: true
  excludeLinksFromLockfile: false

importers:
  .:
    devDependencies:
      "@aminda/global-prettier-config":
        specifier: 2025.16.0
        version: 2025.16.0
      "@prettier/plugin-ruby":
        specifier: 4.0.4
        version: 4.0.4(prettier@3.5.3)
      "@prettier/plugin-xml":
        specifier: 3.4.1
        version: 3.4.1(prettier@3.5.3)
      corepack:
        specifier: latest
        version: 0.32.0
      prettier:
        specifier: 3.5.3
        version: 3.5.3
      prettier-plugin-nginx:
        specifier: 1.0.3
        version: 1.0.3
      prettier-plugin-sh:
        specifier: 0.17.2
        version: 0.17.2(prettier@3.5.3)
      prettier-plugin-toml:
        specifier: 2.0.4
        version: 2.0.4(prettier@3.5.3)

packages:
  "@aminda/global-prettier-config@2025.16.0":
    resolution:
      {
        integrity: sha512-A++pQoqdFbeeXradpFJvwmuf0KFh9ykJpfaLMaVBCmG+4ssRy+B3e2OcSiI5oqG7D1EzgX+izQBPsAC4g0y9cQ==,
      }

  "@prettier/plugin-ruby@4.0.4":
    resolution:
      {
        integrity: sha512-lCpvfS/dQU5WrwN3AQ5vR8qrvj2h5gE41X08NNzAAXvHdM4zwwGRcP2sHSxfu6n6No+ljWCVx95NvJPFTTjCTg==,
      }
    peerDependencies:
      prettier: ^3.0.0

  "@prettier/plugin-xml@3.4.1":
    resolution:
      {
        integrity: sha512-Uf/6/+9ez6z/IvZErgobZ2G9n1ybxF5BhCd7eMcKqfoWuOzzNUxBipNo3QAP8kRC1VD18TIo84no7LhqtyDcTg==,
      }
    peerDependencies:
      prettier: ^3.0.0

  "@reteps/dockerfmt@0.3.6":
    resolution:
      {
        integrity: sha512-Tb5wIMvBf/nLejTQ61krK644/CEMB/cpiaIFXqGApfGqO3GwcR3qnI0DbmkFVCl2OyEp8LnLX3EkucoL0+tbFg==,
      }
    engines: { node: ^v12.20.0 || ^14.13.0 || >=16.0.0 }

  "@taplo/core@0.2.0":
    resolution:
      {
        integrity: sha512-r8bl54Zj1In3QLkiW/ex694bVzpPJ9EhwqT9xkcUVODnVUGirdB1JTsmiIv0o1uwqZiwhi8xNnTOQBRQCpizrQ==,
      }

  "@taplo/lib@0.5.0":
    resolution:
      {
        integrity: sha512-+xIqpQXJco3T+VGaTTwmhxLa51qpkQxCjRwezjFZgr+l21ExlywJFcDfTrNmL6lG6tqb0h8GyJKO3UPGPtSCWg==,
      }

  "@xml-tools/parser@1.0.11":
    resolution:
      {
        integrity: sha512-aKqQ077XnR+oQtHJlrAflaZaL7qZsulWc/i/ZEooar5JiWj1eLt0+Wg28cpa+XLney107wXqneC+oG1IZvxkTA==,
      }

  chevrotain@7.1.1:
    resolution:
      {
        integrity: sha512-wy3mC1x4ye+O+QkEinVJkPf5u2vsrDIYW9G7ZuwFl6v/Yu0LwUuT2POsb+NUWApebyxfkQq6+yDfRExbnI5rcw==,
      }

  corepack@0.32.0:
    resolution:
      {
        integrity: sha512-KhahVUFy7xL8OTty/ToY646hXMQhih8rnvUkA9/qnk/u4QUF2+SbQneX/zZnDxG1NiABFm5ojZCWnIv93oyhhQ==,
      }
    engines: { node: ^18.17.1 || ^20.10.0 || >=22.11.0 }
    hasBin: true

  prettier-plugin-nginx@1.0.3:
    resolution:
      {
        integrity: sha512-vV5q85s8XnV6NEgvz1gVLfZhmxAxY03MyOYj2ApBpjFkbs00lRsRkTmqO9L39ADuD18z1RRCcfZ3eVxKhI/nqg==,
      }

  prettier-plugin-sh@0.17.2:
    resolution:
      {
        integrity: sha512-7+dEo/IYbhrUj4qP+1QXj41/5Hv9ZkxBuEatI1jywrcAlVF1aGhdYJF4Sn+M67nkA16iRL53W4FSRe1bitTdmQ==,
      }
    engines: { node: ">=16.0.0" }
    peerDependencies:
      prettier: ^3.0.3

  prettier-plugin-toml@2.0.4:
    resolution:
      {
        integrity: sha512-uOTNPClqnE3T9XJ8hCqAJek70Jnk3/ZuAG/aXRTmrWbVe8lJyuZ60KV7OtgWqF+iGZOPVpkh+giHhX9GZYRHGA==,
      }
    engines: { node: ">=16.0.0" }
    peerDependencies:
      prettier: ^3.0.3

  prettier@3.5.3:
    resolution:
      {
        integrity: sha512-QQtaxnoDJeAkDvDKWCLiwIXkTgRhwYDEQCghU9Z6q03iyek/rxRh/2lC3HB7P8sWT2xC/y5JDctPLBIGzHKbhw==,
      }
    engines: { node: ">=14" }
    hasBin: true

  regexp-to-ast@0.5.0:
    resolution:
      {
        integrity: sha512-tlbJqcMHnPKI9zSrystikWKwHkBqu2a/Sgw01h3zFjvYrMxEDYHzzoMZnUrbIfpTFEsoRnnviOXNCzFiSc54Qw==,
      }

  sh-syntax@0.5.7:
    resolution:
      {
        integrity: sha512-74m9dt91konrF5+m0kASugzi37VxKsnTJQ6yvdDZu3IijG5/vIZpImP6FadsJLWNt2X2YD0VaTwW5W7Ox7mFVg==,
      }
    engines: { node: ">=16.0.0" }

  tslib@2.8.1:
    resolution:
      {
        integrity: sha512-oJFu94HQb+KVduSUQL7wnpmqnfmLsOA/nAh6b6EH0wCEoK0/mPeXU6c3wKDV83MkOuHPRHtSXKKU99IBazS/2w==,
      }

snapshots:
  "@aminda/global-prettier-config@2025.16.0":
    dependencies:
      "@prettier/plugin-ruby": 4.0.4(prettier@3.5.3)
      "@prettier/plugin-xml": 3.4.1(prettier@3.5.3)
      corepack: 0.32.0
      prettier: 3.5.3
      prettier-plugin-nginx: 1.0.3
      prettier-plugin-sh: 0.17.2(prettier@3.5.3)
      prettier-plugin-toml: 2.0.4(prettier@3.5.3)

  "@prettier/plugin-ruby@4.0.4(prettier@3.5.3)":
    dependencies:
      prettier: 3.5.3

  "@prettier/plugin-xml@3.4.1(prettier@3.5.3)":
    dependencies:
      "@xml-tools/parser": 1.0.11
      prettier: 3.5.3

  "@reteps/dockerfmt@0.3.6": {}

  "@taplo/core@0.2.0": {}

  "@taplo/lib@0.5.0":
    dependencies:
      "@taplo/core": 0.2.0

  "@xml-tools/parser@1.0.11":
    dependencies:
      chevrotain: 7.1.1

  chevrotain@7.1.1:
    dependencies:
      regexp-to-ast: 0.5.0

  corepack@0.32.0: {}

  prettier-plugin-nginx@1.0.3: {}

  prettier-plugin-sh@0.17.2(prettier@3.5.3):
    dependencies:
      "@reteps/dockerfmt": 0.3.6
      prettier: 3.5.3
      sh-syntax: 0.5.7

  prettier-plugin-toml@2.0.4(prettier@3.5.3):
    dependencies:
      "@taplo/lib": 0.5.0
      prettier: 3.5.3

  prettier@3.5.3: {}

  regexp-to-ast@0.5.0: {}

  sh-syntax@0.5.7:
    dependencies:
      tslib: 2.8.1

  tslib@2.8.1: {}
